
Microsoft Visual Studio Solution File, Format Version 12.00
# Visual Studio Version 17
VisualStudioVersion = 17.5.002.0
MinimumVisualStudioVersion = 10.0.40219.1
Project("{2150E333-8FDC-42A3-9474-1A3956D46DE8}") = "src", "src", "{7F023BCE-0B6C-43B6-8DCD-62027B70E746}"
EndProject
Project("{2150E333-8FDC-42A3-9474-1A3956D46DE8}") = "observer", "observer", "{0F4BE8D6-4CEC-49DC-8F01-B41AC2B55B80}"
EndProject
Project("{9A19103F-16F7-4668-BE54-9A1E7A4F7556}") = "WeatherStation", "src\observer\WeatherStation\WeatherStation.csproj", "{1D029E2B-127D-4273-9732-116177A7C782}"
EndProject
Project("{2150E333-8FDC-42A3-9474-1A3956D46DE8}") = "strategy", "strategy", "{7FC86FD1-F45C-481A-88DB-A9D835BFE5B0}"
EndProject
Project("{9A19103F-16F7-4668-BE54-9A1E7A4F7556}") = "MiniDuckSimulator", "src\strategy\MiniDuckSimulator\MiniDuckSimulator.csproj", "{F060531E-F45A-4E6D-8B12-91CC29304A8A}"
EndProject
Project("{2150E333-8FDC-42A3-9474-1A3956D46DE8}") = "factory", "factory", "{5D703F0D-21F4-4607-8233-483648F73481}"
EndProject
Project("{FAE04EC0-301F-11D3-BF4B-00C04F79EFBC}") = "Pizzeria", "src\factory\Pizzeria\Pizzeria.csproj", "{E9FE0A1A-352B-498C-95C4-5BB4CFDB30CB}"
EndProject
Project("{FAE04EC0-301F-11D3-BF4B-00C04F79EFBC}") = "AbstractPizzeria", "src\factory\AbstractPizzeria\AbstractPizzeria.csproj", "{2201FD95-F7A5-4EC3-B830-F73083AC45A6}"
EndProject
Project("{FAE04EC0-301F-11D3-BF4B-00C04F79EFBC}") = "SimplePizzeria", "src\factory\SimplePizzeria\SimplePizzeria.csproj", "{A6F36869-C7A7-4386-98B3-9AD7077CCD78}"
EndProject
Project("{FAE04EC0-301F-11D3-BF4B-00C04F79EFBC}") = "Utilities", "src\utilities\Utilities.csproj", "{15FE8572-F739-4FE1-A2F3-64586290A85E}"
EndProject
Project("{2150E333-8FDC-42A3-9474-1A3956D46DE8}") = "singleton", "singleton", "{D67ADB8F-B057-4145-B50F-3CD1198292B1}"
EndProject
Project("{FAE04EC0-301F-11D3-BF4B-00C04F79EFBC}") = "ChocoBoiler", "src\singleton\ChocoBoiler\ChocoBoiler.csproj", "{108B1DAF-08FB-4775-8B13-341AEA89702C}"
EndProject
Project("{2150E333-8FDC-42A3-9474-1A3956D46DE8}") = "command", "command", "{6A5DA4CF-7DCB-4800-9039-4E12455B3813}"
EndProject
Project("{FAE04EC0-301F-11D3-BF4B-00C04F79EFBC}") = "RemoteControl", "src\command\RemoteControl\RemoteControl.csproj", "{2814CCE9-9EB5-4373-B9F2-DB0AF8C33EB3}"
EndProject
Project("{2150E333-8FDC-42A3-9474-1A3956D46DE8}") = "adapter", "adapter", "{4A85FE19-972F-410F-AD4B-18C42E6F0B31}"
EndProject
Project("{FAE04EC0-301F-11D3-BF4B-00C04F79EFBC}") = "DucksAndTurkeys", "src\adapter\DucksAndTurkeys\DucksAndTurkeys.csproj", "{AD6024F2-CD6C-42DD-A9DC-A88D720AF55A}"
EndProject
Project("{2150E333-8FDC-42A3-9474-1A3956D46DE8}") = "facade", "facade", "{C05B817B-CC5C-422E-9805-DC8A22011EA4}"
EndProject
Project("{FAE04EC0-301F-11D3-BF4B-00C04F79EFBC}") = "ThemeController", "src\facade\ThemeController\ThemeController.csproj", "{26A5C4D6-61B4-4754-8337-032EF18A97AA}"
EndProject
Project("{2150E333-8FDC-42A3-9474-1A3956D46DE8}") = "templatemethod", "templatemethod", "{82FD6C17-047E-4B3C-970C-9EDA413F87F9}"
EndProject
Project("{FAE04EC0-301F-11D3-BF4B-00C04F79EFBC}") = "BoardGameList", "src\templatemethod\BoardGameList\BoardGameList.csproj", "{14CC728D-6587-4D77-A1C7-C596DFEBBDAB}"
EndProject
Global
	GlobalSection(SolutionConfigurationPlatforms) = preSolution
		Debug|Any CPU = Debug|Any CPU
		Release|Any CPU = Release|Any CPU
	EndGlobalSection
	GlobalSection(ProjectConfigurationPlatforms) = postSolution
		{1D029E2B-127D-4273-9732-116177A7C782}.Debug|Any CPU.ActiveCfg = Debug|Any CPU
		{1D029E2B-127D-4273-9732-116177A7C782}.Debug|Any CPU.Build.0 = Debug|Any CPU
		{1D029E2B-127D-4273-9732-116177A7C782}.Release|Any CPU.ActiveCfg = Release|Any CPU
		{1D029E2B-127D-4273-9732-116177A7C782}.Release|Any CPU.Build.0 = Release|Any CPU
		{F060531E-F45A-4E6D-8B12-91CC29304A8A}.Debug|Any CPU.ActiveCfg = Debug|Any CPU
		{F060531E-F45A-4E6D-8B12-91CC29304A8A}.Debug|Any CPU.Build.0 = Debug|Any CPU
		{F060531E-F45A-4E6D-8B12-91CC29304A8A}.Release|Any CPU.ActiveCfg = Release|Any CPU
		{F060531E-F45A-4E6D-8B12-91CC29304A8A}.Release|Any CPU.Build.0 = Release|Any CPU
		{E9FE0A1A-352B-498C-95C4-5BB4CFDB30CB}.Debug|Any CPU.ActiveCfg = Debug|Any CPU
		{E9FE0A1A-352B-498C-95C4-5BB4CFDB30CB}.Debug|Any CPU.Build.0 = Debug|Any CPU
		{E9FE0A1A-352B-498C-95C4-5BB4CFDB30CB}.Release|Any CPU.ActiveCfg = Release|Any CPU
		{E9FE0A1A-352B-498C-95C4-5BB4CFDB30CB}.Release|Any CPU.Build.0 = Release|Any CPU
		{2201FD95-F7A5-4EC3-B830-F73083AC45A6}.Debug|Any CPU.ActiveCfg = Debug|Any CPU
		{2201FD95-F7A5-4EC3-B830-F73083AC45A6}.Debug|Any CPU.Build.0 = Debug|Any CPU
		{2201FD95-F7A5-4EC3-B830-F73083AC45A6}.Release|Any CPU.ActiveCfg = Release|Any CPU
		{2201FD95-F7A5-4EC3-B830-F73083AC45A6}.Release|Any CPU.Build.0 = Release|Any CPU
		{A6F36869-C7A7-4386-98B3-9AD7077CCD78}.Debug|Any CPU.ActiveCfg = Debug|Any CPU
		{A6F36869-C7A7-4386-98B3-9AD7077CCD78}.Debug|Any CPU.Build.0 = Debug|Any CPU
		{A6F36869-C7A7-4386-98B3-9AD7077CCD78}.Release|Any CPU.ActiveCfg = Release|Any CPU
		{A6F36869-C7A7-4386-98B3-9AD7077CCD78}.Release|Any CPU.Build.0 = Release|Any CPU
		{15FE8572-F739-4FE1-A2F3-64586290A85E}.Debug|Any CPU.ActiveCfg = Debug|Any CPU
		{15FE8572-F739-4FE1-A2F3-64586290A85E}.Debug|Any CPU.Build.0 = Debug|Any CPU
		{15FE8572-F739-4FE1-A2F3-64586290A85E}.Release|Any CPU.ActiveCfg = Release|Any CPU
		{15FE8572-F739-4FE1-A2F3-64586290A85E}.Release|Any CPU.Build.0 = Release|Any CPU
		{108B1DAF-08FB-4775-8B13-341AEA89702C}.Debug|Any CPU.ActiveCfg = Debug|Any CPU
		{108B1DAF-08FB-4775-8B13-341AEA89702C}.Debug|Any CPU.Build.0 = Debug|Any CPU
		{108B1DAF-08FB-4775-8B13-341AEA89702C}.Release|Any CPU.ActiveCfg = Release|Any CPU
		{108B1DAF-08FB-4775-8B13-341AEA89702C}.Release|Any CPU.Build.0 = Release|Any CPU
		{2814CCE9-9EB5-4373-B9F2-DB0AF8C33EB3}.Debug|Any CPU.ActiveCfg = Debug|Any CPU
		{2814CCE9-9EB5-4373-B9F2-DB0AF8C33EB3}.Debug|Any CPU.Build.0 = Debug|Any CPU
		{2814CCE9-9EB5-4373-B9F2-DB0AF8C33EB3}.Release|Any CPU.ActiveCfg = Release|Any CPU
		{2814CCE9-9EB5-4373-B9F2-DB0AF8C33EB3}.Release|Any CPU.Build.0 = Release|Any CPU
		{AD6024F2-CD6C-42DD-A9DC-A88D720AF55A}.Debug|Any CPU.ActiveCfg = Debug|Any CPU
		{AD6024F2-CD6C-42DD-A9DC-A88D720AF55A}.Debug|Any CPU.Build.0 = Debug|Any CPU
		{AD6024F2-CD6C-42DD-A9DC-A88D720AF55A}.Release|Any CPU.ActiveCfg = Release|Any CPU
		{AD6024F2-CD6C-42DD-A9DC-A88D720AF55A}.Release|Any CPU.Build.0 = Release|Any CPU
		{26A5C4D6-61B4-4754-8337-032EF18A97AA}.Debug|Any CPU.ActiveCfg = Debug|Any CPU
		{26A5C4D6-61B4-4754-8337-032EF18A97AA}.Debug|Any CPU.Build.0 = Debug|Any CPU
		{26A5C4D6-61B4-4754-8337-032EF18A97AA}.Release|Any CPU.ActiveCfg = Release|Any CPU
		{26A5C4D6-61B4-4754-8337-032EF18A97AA}.Release|Any CPU.Build.0 = Release|Any CPU
		{14CC728D-6587-4D77-A1C7-C596DFEBBDAB}.Debug|Any CPU.ActiveCfg = Debug|Any CPU
		{14CC728D-6587-4D77-A1C7-C596DFEBBDAB}.Debug|Any CPU.Build.0 = Debug|Any CPU
		{14CC728D-6587-4D77-A1C7-C596DFEBBDAB}.Release|Any CPU.ActiveCfg = Release|Any CPU
		{14CC728D-6587-4D77-A1C7-C596DFEBBDAB}.Release|Any CPU.Build.0 = Release|Any CPU
	EndGlobalSection
	GlobalSection(SolutionProperties) = preSolution
		HideSolutionNode = FALSE
	EndGlobalSection
	GlobalSection(NestedProjects) = preSolution
		{0F4BE8D6-4CEC-49DC-8F01-B41AC2B55B80} = {7F023BCE-0B6C-43B6-8DCD-62027B70E746}
		{1D029E2B-127D-4273-9732-116177A7C782} = {0F4BE8D6-4CEC-49DC-8F01-B41AC2B55B80}
		{7FC86FD1-F45C-481A-88DB-A9D835BFE5B0} = {7F023BCE-0B6C-43B6-8DCD-62027B70E746}
		{F060531E-F45A-4E6D-8B12-91CC29304A8A} = {7FC86FD1-F45C-481A-88DB-A9D835BFE5B0}
		{5D703F0D-21F4-4607-8233-483648F73481} = {7F023BCE-0B6C-43B6-8DCD-62027B70E746}
		{E9FE0A1A-352B-498C-95C4-5BB4CFDB30CB} = {5D703F0D-21F4-4607-8233-483648F73481}
		{2201FD95-F7A5-4EC3-B830-F73083AC45A6} = {5D703F0D-21F4-4607-8233-483648F73481}
		{A6F36869-C7A7-4386-98B3-9AD7077CCD78} = {5D703F0D-21F4-4607-8233-483648F73481}
		{D67ADB8F-B057-4145-B50F-3CD1198292B1} = {7F023BCE-0B6C-43B6-8DCD-62027B70E746}
		{108B1DAF-08FB-4775-8B13-341AEA89702C} = {D67ADB8F-B057-4145-B50F-3CD1198292B1}
		{6A5DA4CF-7DCB-4800-9039-4E12455B3813} = {7F023BCE-0B6C-43B6-8DCD-62027B70E746}
		{2814CCE9-9EB5-4373-B9F2-DB0AF8C33EB3} = {6A5DA4CF-7DCB-4800-9039-4E12455B3813}
		{4A85FE19-972F-410F-AD4B-18C42E6F0B31} = {7F023BCE-0B6C-43B6-8DCD-62027B70E746}
		{AD6024F2-CD6C-42DD-A9DC-A88D720AF55A} = {4A85FE19-972F-410F-AD4B-18C42E6F0B31}
		{C05B817B-CC5C-422E-9805-DC8A22011EA4} = {7F023BCE-0B6C-43B6-8DCD-62027B70E746}
		{26A5C4D6-61B4-4754-8337-032EF18A97AA} = {C05B817B-CC5C-422E-9805-DC8A22011EA4}
		{82FD6C17-047E-4B3C-970C-9EDA413F87F9} = {7F023BCE-0B6C-43B6-8DCD-62027B70E746}
		{14CC728D-6587-4D77-A1C7-C596DFEBBDAB} = {82FD6C17-047E-4B3C-970C-9EDA413F87F9}
	EndGlobalSection
	GlobalSection(ExtensibilityGlobals) = postSolution
		SolutionGuid = {3915E78B-08A7-4035-9DA4-736FFDCC512A}
	EndGlobalSection
EndGlobal
